<Solution>
    <Folder Name="/Solution Items/">
        <File Path=".editorconfig" />
    </Folder>
    <Project Path="EMS.Api/EMS.Api.csproj" />
    <Project Path="EMS.Application/EMS.Application.csproj" />
    <Project Path="EMS.Domain/EMS.Domain.csproj" />
    <Project Path="EMS.Infrastructure/EMS.Infrastructure.csproj" />
</Solution>
